
Microsoft Visual Studio Solution File, Format Version 12.00
# Visual Studio Version 17
VisualStudioVersion = 17.2.32616.157
MinimumVisualStudioVersion = 10.0.40219.1
Project("{FAE04EC0-301F-11D3-BF4B-00C04F79EFBC}") = "WebApplication8", "WebApplication8\WebApplication8.csproj", "{83D97CA1-893F-40BD-8915-44EC9D97B972}"
EndProject
Global
	GlobalSection(SolutionConfigurationPlatforms) = preSolution
		Debug|Any CPU = Debug|Any CPU
		Release|Any CPU = Release|Any CPU
	EndGlobalSection
	GlobalSection(ProjectConfigurationPlatforms) = postSolution
		{83D97CA1-893F-40BD-8915-44EC9D97B972}.Debug|Any CPU.ActiveCfg = Debug|Any CPU
		{83D97CA1-893F-40BD-8915-44EC9D97B972}.Debug|Any CPU.Build.0 = Debug|Any CPU
		{83D97CA1-893F-40BD-8915-44EC9D97B972}.Release|Any CPU.ActiveCfg = Release|Any CPU
		{83D97CA1-893F-40BD-8915-44EC9D97B972}.Release|Any CPU.Build.0 = Release|Any CPU
	EndGlobalSection
	GlobalSection(SolutionProperties) = preSolution
		HideSolutionNode = FALSE
	EndGlobalSection
	GlobalSection(ExtensibilityGlobals) = postSolution
		SolutionGuid = {798142F6-DF78-4907-846C-E30E0AA797D8}
	EndGlobalSection
EndGlobal
